
Microsoft Visual Studio Solution File, Format Version 12.00
# Visual Studio Version 17
VisualStudioVersion = 17.6.33829.357
MinimumVisualStudioVersion = 10.0.40219.1
Project("{FAE04EC0-301F-11D3-BF4B-00C04F79EFBC}") = "Dynamic.Tekla.Structures.API", "Dynamic.Tekla.Structures.API\Dynamic.Tekla.Structures.API.csproj", "{00FC193E-C063-4D09-82C4-287A2DDAA7F7}"
EndProject
Project("{FAE04EC0-301F-11D3-BF4B-00C04F79EFBC}") = "Dynamic.Tekla.Structures.Tests", "Dynamic.Tekla.Structures.Tests\Dynamic.Tekla.Structures.Tests.csproj", "{5E72FD03-60D9-4661-B2F0-52204A357204}"
EndProject
Global
	GlobalSection(SolutionConfigurationPlatforms) = preSolution
		Debug|Any CPU = Debug|Any CPU
		Release|Any CPU = Release|Any CPU
	EndGlobalSection
	GlobalSection(ProjectConfigurationPlatforms) = postSolution
		{00FC193E-C063-4D09-82C4-287A2DDAA7F7}.Debug|Any CPU.ActiveCfg = Debug|Any CPU
		{00FC193E-C063-4D09-82C4-287A2DDAA7F7}.Debug|Any CPU.Build.0 = Debug|Any CPU
		{00FC193E-C063-4D09-82C4-287A2DDAA7F7}.Release|Any CPU.ActiveCfg = Release|Any CPU
		{00FC193E-C063-4D09-82C4-287A2DDAA7F7}.Release|Any CPU.Build.0 = Release|Any CPU
		{5E72FD03-60D9-4661-B2F0-52204A357204}.Debug|Any CPU.ActiveCfg = Debug|Any CPU
		{5E72FD03-60D9-4661-B2F0-52204A357204}.Debug|Any CPU.Build.0 = Debug|Any CPU
		{5E72FD03-60D9-4661-B2F0-52204A357204}.Release|Any CPU.ActiveCfg = Release|Any CPU
		{5E72FD03-60D9-4661-B2F0-52204A357204}.Release|Any CPU.Build.0 = Release|Any CPU
	EndGlobalSection
	GlobalSection(SolutionProperties) = preSolution
		HideSolutionNode = FALSE
	EndGlobalSection
	GlobalSection(ExtensibilityGlobals) = postSolution
		SolutionGuid = {EF5A57C9-4706-46FE-9A63-D94D96DDAA9E}
	EndGlobalSection
EndGlobal
